// !$*UTF8*$!
{
	archiveVersion = 1;
	classes = {
	};
	objectVersion = 55;
	objects = {

/* Begin PBXBuildFile section */
		1025A50C2886E0B100C5C954 /* AppDelegate.swift in Sources */ = {isa = PBXBuildFile; fileRef = 1025A50B2886E0B100C5C954 /* AppDelegate.swift */; };
		1025A50E2886E0B100C5C954 /* SceneDelegate.swift in Sources */ = {isa = PBXBuildFile; fileRef = 1025A50D2886E0B100C5C954 /* SceneDelegate.swift */; };
		1025A5132886E0B100C5C954 /* Main.storyboard in Resources */ = {isa = PBXBuildFile; fileRef = 1025A5112886E0B100C5C954 /* Main.storyboard */; };
		1025A5152886E0B200C5C954 /* Assets.xcassets in Resources */ = {isa = PBXBuildFile; fileRef = 1025A5142886E0B200C5C954 /* Assets.xcassets */; };
		1025A5182886E0B200C5C954 /* LaunchScreen.storyboard in Resources */ = {isa = PBXBuildFile; fileRef = 1025A5162886E0B200C5C954 /* LaunchScreen.storyboard */; };
		10C28925288C028700C804E5 /* MainViewController.swift in Sources */ = {isa = PBXBuildFile; fileRef = 10C28924288C028700C804E5 /* MainViewController.swift */; };
		10C28928288C035900C804E5 /* NetworkManager.swift in Sources */ = {isa = PBXBuildFile; fileRef = 10C28927288C035900C804E5 /* NetworkManager.swift */; };
		10C2892A288C096300C804E5 /* UserModel.swift in Sources */ = {isa = PBXBuildFile; fileRef = 10C28929288C096300C804E5 /* UserModel.swift */; };
		10C2892D288C2F2900C804E5 /* MainTableViewCell.swift in Sources */ = {isa = PBXBuildFile; fileRef = 10C2892C288C2F2900C804E5 /* MainTableViewCell.swift */; };
		10C2892F288C3DC300C804E5 /* PostModel.swift in Sources */ = {isa = PBXBuildFile; fileRef = 10C2892E288C3DC300C804E5 /* PostModel.swift */; };
/* End PBXBuildFile section */

/* Begin PBXFileReference section */
		1025A5082886E0B100C5C954 /* postsApp.app */ = {isa = PBXFileReference; explicitFileType = wrapper.application; includeInIndex = 0; path = postsApp.app; sourceTree = BUILT_PRODUCTS_DIR; };
		1025A50B2886E0B100C5C954 /* AppDelegate.swift */ = {isa = PBXFileReference; lastKnownFileType = sourcecode.swift; path = AppDelegate.swift; sourceTree = "<group>"; };
		1025A50D2886E0B100C5C954 /* SceneDelegate.swift */ = {isa = PBXFileReference; lastKnownFileType = sourcecode.swift; path = SceneDelegate.swift; sourceTree = "<group>"; };
		1025A5122886E0B100C5C954 /* Base */ = {isa = PBXFileReference; lastKnownFileType = file.storyboard; name = Base; path = Base.lproj/Main.storyboard; sourceTree = "<group>"; };
		1025A5142886E0B200C5C954 /* Assets.xcassets */ = {isa = PBXFileReference; lastKnownFileType = folder.assetcatalog; path = Assets.xcassets; sourceTree = "<group>"; };
		1025A5172886E0B200C5C954 /* Base */ = {isa = PBXFileReference; lastKnownFileType = file.storyboard; name = Base; path = Base.lproj/LaunchScreen.storyboard; sourceTree = "<group>"; };
		1025A5192886E0B200C5C954 /* Info.plist */ = {isa = PBXFileReference; lastKnownFileType = text.plist.xml; path = Info.plist; sourceTree = "<group>"; };
		10C28924288C028700C804E5 /* MainViewController.swift */ = {isa = PBXFileReference; lastKnownFileType = sourcecode.swift; path = MainViewController.swift; sourceTree = "<group>"; };
		10C28927288C035900C804E5 /* NetworkManager.swift */ = {isa = PBXFileReference; lastKnownFileType = sourcecode.swift; path = NetworkManager.swift; sourceTree = "<group>"; };
		10C28929288C096300C804E5 /* UserModel.swift */ = {isa = PBXFileReference; lastKnownFileType = sourcecode.swift; path = UserModel.swift; sourceTree = "<group>"; };
		10C2892C288C2F2900C804E5 /* MainTableViewCell.swift */ = {isa = PBXFileReference; lastKnownFileType = sourcecode.swift; path = MainTableViewCell.swift; sourceTree = "<group>"; };
		10C2892E288C3DC300C804E5 /* PostModel.swift */ = {isa = PBXFileReference; lastKnownFileType = sourcecode.swift; path = PostModel.swift; sourceTree = "<group>"; };
/* End PBXFileReference section */

/* Begin PBXFrameworksBuildPhase section */
		1025A5052886E0B100C5C954 /* Frameworks */ = {
			isa = PBXFrameworksBuildPhase;
			buildActionMask = 2147483647;
			files = (
			);
			runOnlyForDeploymentPostprocessing = 0;
		};
/* End PBXFrameworksBuildPhase section */

/* Begin PBXGroup section */
		1025A4FF2886E0B100C5C954 = {
			isa = PBXGroup;
			children = (
				1025A50A2886E0B100C5C954 /* postsApp */,
				1025A5092886E0B100C5C954 /* Products */,
			);
			sourceTree = "<group>";
		};
		1025A5092886E0B100C5C954 /* Products */ = {
			isa = PBXGroup;
			children = (
				1025A5082886E0B100C5C954 /* postsApp.app */,
			);
			name = Products;
			sourceTree = "<group>";
		};
		1025A50A2886E0B100C5C954 /* postsApp */ = {
			isa = PBXGroup;
			children = (
				10C28920288C024600C804E5 /* Modules */,
				10C2891E288C017900C804E5 /* View */,
				10C2891F288C018600C804E5 /* Assets */,
				10C2891D288C016C00C804E5 /* Resources */,
				1025A5192886E0B200C5C954 /* Info.plist */,
			);
			path = postsApp;
			sourceTree = "<group>";
		};
		10C2891D288C016C00C804E5 /* Resources */ = {
			isa = PBXGroup;
			children = (
				1025A50B2886E0B100C5C954 /* AppDelegate.swift */,
				1025A50D2886E0B100C5C954 /* SceneDelegate.swift */,
			);
			path = Resources;
			sourceTree = "<group>";
		};
		10C2891E288C017900C804E5 /* View */ = {
			isa = PBXGroup;
			children = (
				1025A5112886E0B100C5C954 /* Main.storyboard */,
				1025A5162886E0B200C5C954 /* LaunchScreen.storyboard */,
			);
			path = View;
			sourceTree = "<group>";
		};
		10C2891F288C018600C804E5 /* Assets */ = {
			isa = PBXGroup;
			children = (
				1025A5142886E0B200C5C954 /* Assets.xcassets */,
			);
			path = Assets;
			sourceTree = "<group>";
		};
		10C28920288C024600C804E5 /* Modules */ = {
			isa = PBXGroup;
			children = (
				10C28921288C025100C804E5 /* MainViewController */,
			);
			path = Modules;
			sourceTree = "<group>";
		};
		10C28921288C025100C804E5 /* MainViewController */ = {
			isa = PBXGroup;
			children = (
				10C28926288C034700C804E5 /* NetworkManager */,
				10C28923288C027400C804E5 /* Controller */,
				10C28922288C026500C804E5 /* Model */,
			);
			path = MainViewController;
			sourceTree = "<group>";
		};
		10C28922288C026500C804E5 /* Model */ = {
			isa = PBXGroup;
			children = (
				10C28929288C096300C804E5 /* UserModel.swift */,
				10C2892E288C3DC300C804E5 /* PostModel.swift */,
			);
			path = Model;
			sourceTree = "<group>";
		};
		10C28923288C027400C804E5 /* Controller */ = {
			isa = PBXGroup;
			children = (
				10C2892B288C2F0900C804E5 /* Cell */,
				10C28924288C028700C804E5 /* MainViewController.swift */,
			);
			path = Controller;
			sourceTree = "<group>";
		};
		10C28926288C034700C804E5 /* NetworkManager */ = {
			isa = PBXGroup;
			children = (
				10C28927288C035900C804E5 /* NetworkManager.swift */,
			);
			path = NetworkManager;
			sourceTree = "<group>";
		};
		10C2892B288C2F0900C804E5 /* Cell */ = {
			isa = PBXGroup;
			children = (
				10C2892C288C2F2900C804E5 /* MainTableViewCell.swift */,
			);
			path = Cell;
			sourceTree = "<group>";
		};
/* End PBXGroup section */

/* Begin PBXNativeTarget section */
		1025A5072886E0B100C5C954 /* postsApp */ = {
			isa = PBXNativeTarget;
			buildConfigurationList = 1025A51C2886E0B200C5C954 /* Build configuration list for PBXNativeTarget "postsApp" */;
			buildPhases = (
				1025A5042886E0B100C5C954 /* Sources */,
				1025A5052886E0B100C5C954 /* Frameworks */,
				1025A5062886E0B100C5C954 /* Resources */,
			);
			buildRules = (
			);
			dependencies = (
			);
			name = postsApp;
			productName = postsApp;
			productReference = 1025A5082886E0B100C5C954 /* postsApp.app */;
			productType = "com.apple.product-type.application";
		};
/* End PBXNativeTarget section */

/* Begin PBXProject section */
		1025A5002886E0B100C5C954 /* Project object */ = {
			isa = PBXProject;
			attributes = {
				BuildIndependentTargetsInParallel = 1;
				LastSwiftUpdateCheck = 1340;
				LastUpgradeCheck = 1340;
				TargetAttributes = {
					1025A5072886E0B100C5C954 = {
						CreatedOnToolsVersion = 13.4.1;
					};
				};
			};
			buildConfigurationList = 1025A5032886E0B100C5C954 /* Build configuration list for PBXProject "postsApp" */;
			compatibilityVersion = "Xcode 13.0";
			developmentRegion = en;
			hasScannedForEncodings = 0;
			knownRegions = (
				en,
				Base,
			);
			mainGroup = 1025A4FF2886E0B100C5C954;
			productRefGroup = 1025A5092886E0B100C5C954 /* Products */;
			projectDirPath = "";
			projectRoot = "";
			targets = (
				1025A5072886E0B100C5C954 /* postsApp */,
			);
		};
/* End PBXProject section */

/* Begin PBXResourcesBuildPhase section */
		1025A5062886E0B100C5C954 /* Resources */ = {
			isa = PBXResourcesBuildPhase;
			buildActionMask = 2147483647;
			files = (
				1025A5182886E0B200C5C954 /* LaunchScreen.storyboard in Resources */,
				1025A5152886E0B200C5C954 /* Assets.xcassets in Resources */,
				1025A5132886E0B100C5C954 /* Main.storyboard in Resources */,
			);
			runOnlyForDeploymentPostprocessing = 0;
		};
/* End PBXResourcesBuildPhase section */

/* Begin PBXSourcesBuildPhase section */
		1025A5042886E0B100C5C954 /* Sources */ = {
			isa = PBXSourcesBuildPhase;
			buildActionMask = 2147483647;
			files = (
				10C28928288C035900C804E5 /* NetworkManager.swift in Sources */,
				10C28925288C028700C804E5 /* MainViewController.swift in Sources */,
				1025A50C2886E0B100C5C954 /* AppDelegate.swift in Sources */,
				10C2892A288C096300C804E5 /* UserModel.swift in Sources */,
				10C2892D288C2F2900C804E5 /* MainTableViewCell.swift in Sources */,
				10C2892F288C3DC300C804E5 /* PostModel.swift in Sources */,
				1025A50E2886E0B100C5C954 /* SceneDelegate.swift in Sources */,
			);
			runOnlyForDeploymentPostprocessing = 0;
		};
/* End PBXSourcesBuildPhase section */

/* Begin PBXVariantGroup section */
		1025A5112886E0B100C5C954 /* Main.storyboard */ = {
			isa = PBXVariantGroup;
			children = (
				1025A5122886E0B100C5C954 /* Base */,
			);
			name = Main.storyboard;
			sourceTree = "<group>";
		};
		1025A5162886E0B200C5C954 /* LaunchScreen.storyboard */ = {
			isa = PBXVariantGroup;
			children = (
				1025A5172886E0B200C5C954 /* Base */,
			);
			name = LaunchScreen.storyboard;
			sourceTree = "<group>";
		};
/* End PBXVariantGroup section */

/* Begin XCBuildConfiguration section */
		1025A51A2886E0B200C5C954 /* Debug */ = {
			isa = XCBuildConfiguration;
			buildSettings = {
				ALWAYS_SEARCH_USER_PATHS = NO;
				CLANG_ANALYZER_NONNULL = YES;
				CLANG_ANALYZER_NUMBER_OBJECT_CONVERSION = YES_AGGRESSIVE;
				CLANG_CXX_LANGUAGE_STANDARD = "gnu++17";
				CLANG_ENABLE_MODULES = YES;
				CLANG_ENABLE_OBJC_ARC = YES;
				CLANG_ENABLE_OBJC_WEAK = YES;
				CLANG_WARN_BLOCK_CAPTURE_AUTORELEASING = YES;
				CLANG_WARN_BOOL_CONVERSION = YES;
				CLANG_WARN_COMMA = YES;
				CLANG_WARN_CONSTANT_CONVERSION = YES;
				CLANG_WARN_DEPRECATED_OBJC_IMPLEMENTATIONS = YES;
				CLANG_WARN_DIRECT_OBJC_ISA_USAGE = YES_ERROR;
				CLANG_WARN_DOCUMENTATION_COMMENTS = YES;
				CLANG_WARN_EMPTY_BODY = YES;
				CLANG_WARN_ENUM_CONVERSION = YES;
				CLANG_WARN_INFINITE_RECURSION = YES;
				CLANG_WARN_INT_CONVERSION = YES;
				CLANG_WARN_NON_LITERAL_NULL_CONVERSION = YES;
				CLANG_WARN_OBJC_IMPLICIT_RETAIN_SELF = YES;
				CLANG_WARN_OBJC_LITERAL_CONVERSION = YES;
				CLANG_WARN_OBJC_ROOT_CLASS = YES_ERROR;
				CLANG_WARN_QUOTED_INCLUDE_IN_FRAMEWORK_HEADER = YES;
				CLANG_WARN_RANGE_LOOP_ANALYSIS = YES;
				CLANG_WARN_STRICT_PROTOTYPES = YES;
				CLANG_WARN_SUSPICIOUS_MOVE = YES;
				CLANG_WARN_UNGUARDED_AVAILABILITY = YES_AGGRESSIVE;
				CLANG_WARN_UNREACHABLE_CODE = YES;
				CLANG_WARN__DUPLICATE_METHOD_MATCH = YES;
				COPY_PHASE_STRIP = NO;
				DEBUG_INFORMATION_FORMAT = dwarf;
				ENABLE_STRICT_OBJC_MSGSEND = YES;
				ENABLE_TESTABILITY = YES;
				GCC_C_LANGUAGE_STANDARD = gnu11;
				GCC_DYNAMIC_NO_PIC = NO;
				GCC_NO_COMMON_BLOCKS = YES;
				GCC_OPTIMIZATION_LEVEL = 0;
				GCC_PREPROCESSOR_DEFINITIONS = (
					"DEBUG=1",
					"$(inherited)",
				);
				GCC_WARN_64_TO_32_BIT_CONVERSION = YES;
				GCC_WARN_ABOUT_RETURN_TYPE = YES_ERROR;
				GCC_WARN_UNDECLARED_SELECTOR = YES;
				GCC_WARN_UNINITIALIZED_AUTOS = YES_AGGRESSIVE;
				GCC_WARN_UNUSED_FUNCTION = YES;
				GCC_WARN_UNUSED_VARIABLE = YES;
				IPHONEOS_DEPLOYMENT_TARGET = 13.0;
				MTL_ENABLE_DEBUG_INFO = INCLUDE_SOURCE;
				MTL_FAST_MATH = YES;
				ONLY_ACTIVE_ARCH = YES;
				SDKROOT = iphoneos;
				SWIFT_ACTIVE_COMPILATION_CONDITIONS = DEBUG;
				SWIFT_OPTIMIZATION_LEVEL = "-Onone";
			};
			name = Debug;
		};
		1025A51B2886E0B200C5C954 /* Release */ = {
			isa = XCBuildConfiguration;
			buildSettings = {
				ALWAYS_SEARCH_USER_PATHS = NO;
				CLANG_ANALYZER_NONNULL = YES;
				CLANG_ANALYZER_NUMBER_OBJECT_CONVERSION = YES_AGGRESSIVE;
				CLANG_CXX_LANGUAGE_STANDARD = "gnu++17";
				CLANG_ENABLE_MODULES = YES;
				CLANG_ENABLE_OBJC_ARC = YES;
				CLANG_ENABLE_OBJC_WEAK = YES;
				CLANG_WARN_BLOCK_CAPTURE_AUTORELEASING = YES;
				CLANG_WARN_BOOL_CONVERSION = YES;
				CLANG_WARN_COMMA = YES;
				CLANG_WARN_CONSTANT_CONVERSION = YES;
				CLANG_WARN_DEPRECATED_OBJC_IMPLEMENTATIONS = YES;
				CLANG_WARN_DIRECT_OBJC_ISA_USAGE = YES_ERROR;
				CLANG_WARN_DOCUMENTATION_COMMENTS = YES;
				CLANG_WARN_EMPTY_BODY = YES;
				CLANG_WARN_ENUM_CONVERSION = YES;
				CLANG_WARN_INFINITE_RECURSION = YES;
				CLANG_WARN_INT_CONVERSION = YES;
				CLANG_WARN_NON_LITERAL_NULL_CONVERSION = YES;
				CLANG_WARN_OBJC_IMPLICIT_RETAIN_SELF = YES;
				CLANG_WARN_OBJC_LITERAL_CONVERSION = YES;
				CLANG_WARN_OBJC_ROOT_CLASS = YES_ERROR;
				CLANG_WARN_QUOTED_INCLUDE_IN_FRAMEWORK_HEADER = YES;
				CLANG_WARN_RANGE_LOOP_ANALYSIS = YES;
				CLANG_WARN_STRICT_PROTOTYPES = YES;
				CLANG_WARN_SUSPICIOUS_MOVE = YES;
				CLANG_WARN_UNGUARDED_AVAILABILITY = YES_AGGRESSIVE;
				CLANG_WARN_UNREACHABLE_CODE = YES;
				CLANG_WARN__DUPLICATE_METHOD_MATCH = YES;
				COPY_PHASE_STRIP = NO;
				DEBUG_INFORMATION_FORMAT = "dwarf-with-dsym";
				ENABLE_NS_ASSERTIONS = NO;
				ENABLE_STRICT_OBJC_MSGSEND = YES;
				GCC_C_LANGUAGE_STANDARD = gnu11;
				GCC_NO_COMMON_BLOCKS = YES;
				GCC_WARN_64_TO_32_BIT_CONVERSION = YES;
				GCC_WARN_ABOUT_RETURN_TYPE = YES_ERROR;
				GCC_WARN_UNDECLARED_SELECTOR = YES;
				GCC_WARN_UNINITIALIZED_AUTOS = YES_AGGRESSIVE;
				GCC_WARN_UNUSED_FUNCTION = YES;
				GCC_WARN_UNUSED_VARIABLE = YES;
				IPHONEOS_DEPLOYMENT_TARGET = 13.0;
				MTL_ENABLE_DEBUG_INFO = NO;
				MTL_FAST_MATH = YES;
				SDKROOT = iphoneos;
				SWIFT_COMPILATION_MODE = wholemodule;
				SWIFT_OPTIMIZATION_LEVEL = "-O";
				VALIDATE_PRODUCT = YES;
			};
			name = Release;
		};
		1025A51D2886E0B200C5C954 /* Debug */ = {
			isa = XCBuildConfiguration;
			buildSettings = {
				ASSETCATALOG_COMPILER_APPICON_NAME = AppIcon;
				ASSETCATALOG_COMPILER_GLOBAL_ACCENT_COLOR_NAME = AccentColor;
				CODE_SIGN_STYLE = Automatic;
				CURRENT_PROJECT_VERSION = 1;
				GENERATE_INFOPLIST_FILE = YES;
				INFOPLIST_FILE = postsApp/Info.plist;
				INFOPLIST_KEY_UIApplicationSupportsIndirectInputEvents = YES;
				INFOPLIST_KEY_UILaunchStoryboardName = LaunchScreen;
				INFOPLIST_KEY_UIMainStoryboardFile = Main;
				INFOPLIST_KEY_UISupportedInterfaceOrientations = UIInterfaceOrientationPortrait;
				INFOPLIST_KEY_UISupportedInterfaceOrientations_iPad = "UIInterfaceOrientationPortrait UIInterfaceOrientationPortraitUpsideDown UIInterfaceOrientationLandscapeLeft UIInterfaceOrientationLandscapeRight";
				INFOPLIST_KEY_UISupportedInterfaceOrientations_iPhone = "UIInterfaceOrientationPortrait UIInterfaceOrientationLandscapeLeft UIInterfaceOrientationLandscapeRight";
				IPHONEOS_DEPLOYMENT_TARGET = 13.0;
				LD_RUNPATH_SEARCH_PATHS = (
					"$(inherited)",
					"@executable_path/Frameworks",
				);
				MARKETING_VERSION = 1.0;
				PRODUCT_BUNDLE_IDENTIFIER = AbaiHW.postsApp;
				PRODUCT_NAME = "$(TARGET_NAME)";
				SWIFT_EMIT_LOC_STRINGS = YES;
				SWIFT_VERSION = 5.0;
				TARGETED_DEVICE_FAMILY = 1;
			};
			name = Debug;
		};
		1025A51E2886E0B200C5C954 /* Release */ = {
			isa = XCBuildConfiguration;
			buildSettings = {
				ASSETCATALOG_COMPILER_APPICON_NAME = AppIcon;
				ASSETCATALOG_COMPILER_GLOBAL_ACCENT_COLOR_NAME = AccentColor;
				CODE_SIGN_STYLE = Automatic;
				CURRENT_PROJECT_VERSION = 1;
				GENERATE_INFOPLIST_FILE = YES;
				INFOPLIST_FILE = postsApp/Info.plist;
				INFOPLIST_KEY_UIApplicationSupportsIndirectInputEvents = YES;
				INFOPLIST_KEY_UILaunchStoryboardName = LaunchScreen;
				INFOPLIST_KEY_UIMainStoryboardFile = Main;
				INFOPLIST_KEY_UISupportedInterfaceOrientations = UIInterfaceOrientationPortrait;
				INFOPLIST_KEY_UISupportedInterfaceOrientations_iPad = "UIInterfaceOrientationPortrait UIInterfaceOrientationPortraitUpsideDown UIInterfaceOrientationLandscapeLeft UIInterfaceOrientationLandscapeRight";
				INFOPLIST_KEY_UISupportedInterfaceOrientations_iPhone = "UIInterfaceOrientationPortrait UIInterfaceOrientationLandscapeLeft UIInterfaceOrientationLandscapeRight";
				IPHONEOS_DEPLOYMENT_TARGET = 13.0;
				LD_RUNPATH_SEARCH_PATHS = (
					"$(inherited)",
					"@executable_path/Frameworks",
				);
				MARKETING_VERSION = 1.0;
				PRODUCT_BUNDLE_IDENTIFIER = AbaiHW.postsApp;
				PRODUCT_NAME = "$(TARGET_NAME)";
				SWIFT_EMIT_LOC_STRINGS = YES;
				SWIFT_VERSION = 5.0;
				TARGETED_DEVICE_FAMILY = 1;
			};
			name = Release;
		};
/* End XCBuildConfiguration section */

/* Begin XCConfigurationList section */
		1025A5032886E0B100C5C954 /* Build configuration list for PBXProject "postsApp" */ = {
			isa = XCConfigurationList;
			buildConfigurations = (
				1025A51A2886E0B200C5C954 /* Debug */,
				1025A51B2886E0B200C5C954 /* Release */,
			);
			defaultConfigurationIsVisible = 0;
			defaultConfigurationName = Release;
		};
		1025A51C2886E0B200C5C954 /* Build configuration list for PBXNativeTarget "postsApp" */ = {
			isa = XCConfigurationList;
			buildConfigurations = (
				1025A51D2886E0B200C5C954 /* Debug */,
				1025A51E2886E0B200C5C954 /* Release */,
			);
			defaultConfigurationIsVisible = 0;
			defaultConfigurationName = Release;
		};
/* End XCConfigurationList section */
	};
	rootObject = 1025A5002886E0B100C5C954 /* Project object */;
}
